
Microsoft Visual Studio Solution File, Format Version 11.00
# Visual Studio 2010
Project("{FAE04EC0-301F-11D3-BF4B-00C04F79EFBC}") = "Assembly-CSharp", "Assembly-CSharp.csproj", "{f38eb57a-520a-7581-7b67-93280faaef26}"
EndProject
Project("{FAE04EC0-301F-11D3-BF4B-00C04F79EFBC}") = "Assembly-CSharp-firstpass", "Assembly-CSharp-firstpass.csproj", "{fb8bcafe-8ef2-6b99-4c54-a21db742a3b3}"
EndProject
Global
	GlobalSection(SolutionConfigurationPlatforms) = preSolution
		Debug|Any CPU = Debug|Any CPU
	EndGlobalSection
	GlobalSection(ProjectConfigurationPlatforms) = postSolution
		{f38eb57a-520a-7581-7b67-93280faaef26}.Debug|Any CPU.ActiveCfg = Debug|Any CPU
		{f38eb57a-520a-7581-7b67-93280faaef26}.Debug|Any CPU.Build.0 = Debug|Any CPU
		{fb8bcafe-8ef2-6b99-4c54-a21db742a3b3}.Debug|Any CPU.ActiveCfg = Debug|Any CPU
		{fb8bcafe-8ef2-6b99-4c54-a21db742a3b3}.Debug|Any CPU.Build.0 = Debug|Any CPU
	EndGlobalSection
	GlobalSection(SolutionProperties) = preSolution
		HideSolutionNode = FALSE
	EndGlobalSection
EndGlobal
